
Microsoft Visual Studio Solution File, Format Version 11.00
# Visual Studio 2010
Project("{FAE04EC0-301F-11D3-BF4B-00C04F79EFBC}") = "UnityEngine.TestRunner", "UnityEngine.TestRunner.csproj", "{6dbd33a4-5587-92a2-68ee-147d367e9c50}"
EndProject
Project("{FAE04EC0-301F-11D3-BF4B-00C04F79EFBC}") = "UnityEngine.UI", "UnityEngine.UI.csproj", "{35369643-727e-ba8b-f0d4-206833be0b86}"
EndProject
Project("{FAE04EC0-301F-11D3-BF4B-00C04F79EFBC}") = "Unity.VisualScripting.Flow", "Unity.VisualScripting.Flow.csproj", "{12abb1ec-18c9-8e7d-233c-ff32f744e5c6}"
EndProject
Project("{FAE04EC0-301F-11D3-BF4B-00C04F79EFBC}") = "Unity.Services.Core.Telemetry", "Unity.Services.Core.Telemetry.csproj", "{10d8a520-c992-3449-03bd-ec57872e4ba4}"
EndProject
Project("{FAE04EC0-301F-11D3-BF4B-00C04F79EFBC}") = "Unity.VisualScripting.State", "Unity.VisualScripting.State.csproj", "{a8f11eae-f68b-9476-606a-214a1503d10d}"
EndProject
Project("{FAE04EC0-301F-11D3-BF4B-00C04F79EFBC}") = "Unity.VisualScripting.Core", "Unity.VisualScripting.Core.csproj", "{748abba9-c0d0-bb3d-4f12-761f06488cf8}"
EndProject
Project("{FAE04EC0-301F-11D3-BF4B-00C04F79EFBC}") = "Unity.Services.Core.Environments.Internal", "Unity.Services.Core.Environments.Internal.csproj", "{23361f23-0876-1d3c-410e-587bc1a2a4e0}"
EndProject
Project("{FAE04EC0-301F-11D3-BF4B-00C04F79EFBC}") = "Unity.TextMeshPro", "Unity.TextMeshPro.csproj", "{dcbfb98d-301c-476a-b064-637796b049de}"
EndProject
Project("{FAE04EC0-301F-11D3-BF4B-00C04F79EFBC}") = "Unity.Timeline", "Unity.Timeline.csproj", "{5098630b-34c8-16d4-b0fa-831dda4739dc}"
EndProject
Project("{FAE04EC0-301F-11D3-BF4B-00C04F79EFBC}") = "Unity.Services.Core", "Unity.Services.Core.csproj", "{a4917505-fa8b-76a7-ab6d-2eee16eb93e4}"
EndProject
Project("{FAE04EC0-301F-11D3-BF4B-00C04F79EFBC}") = "Unity.Services.Core.Environments", "Unity.Services.Core.Environments.csproj", "{1ff49712-1457-5a79-1534-e281828c238b}"
EndProject
Project("{FAE04EC0-301F-11D3-BF4B-00C04F79EFBC}") = "Unity.Services.Core.Internal", "Unity.Services.Core.Internal.csproj", "{8377fbf8-b47a-454b-e03e-29f1f030839c}"
EndProject
Project("{FAE04EC0-301F-11D3-BF4B-00C04F79EFBC}") = "Unity.Services.Core.Analytics", "Unity.Services.Core.Analytics.csproj", "{77e6597e-a47b-6d4e-87a9-5a0e56ab7af7}"
EndProject
Project("{FAE04EC0-301F-11D3-BF4B-00C04F79EFBC}") = "Unity.Services.Core.Scheduler", "Unity.Services.Core.Scheduler.csproj", "{7d6b01c1-01ae-0cbb-2b04-7965c3c9d6c4}"
EndProject
Project("{FAE04EC0-301F-11D3-BF4B-00C04F79EFBC}") = "Unity.Services.Core.Registration", "Unity.Services.Core.Registration.csproj", "{0ec851bc-e315-7578-2066-0e8240291ff5}"
EndProject
Project("{FAE04EC0-301F-11D3-BF4B-00C04F79EFBC}") = "Unity.Services.Core.Device", "Unity.Services.Core.Device.csproj", "{0d6a1f49-09a0-496a-1586-bfef69e5d352}"
EndProject
Project("{FAE04EC0-301F-11D3-BF4B-00C04F79EFBC}") = "Unity.Services.Core.Threading", "Unity.Services.Core.Threading.csproj", "{5ce50efc-0f3b-6330-6507-6e2844507e6d}"
EndProject
Project("{FAE04EC0-301F-11D3-BF4B-00C04F79EFBC}") = "Unity.Services.Core.Networking", "Unity.Services.Core.Networking.csproj", "{ab98ae5d-d4a6-63ba-028f-adc3a8985b4e}"
EndProject
Project("{FAE04EC0-301F-11D3-BF4B-00C04F79EFBC}") = "Unity.Services.Core.Configuration", "Unity.Services.Core.Configuration.csproj", "{e3658d19-c807-c074-608e-f00ce683474b}"
EndProject
Project("{FAE04EC0-301F-11D3-BF4B-00C04F79EFBC}") = "Unity.PlasticSCM.Editor", "Unity.PlasticSCM.Editor.csproj", "{56b33651-31b7-04d7-177f-3feac73336e0}"
EndProject
Project("{FAE04EC0-301F-11D3-BF4B-00C04F79EFBC}") = "Unity.VisualScripting.Core.Editor", "Unity.VisualScripting.Core.Editor.csproj", "{4733da3d-1627-aba6-b613-3fbd41f55ff0}"
EndProject
Project("{FAE04EC0-301F-11D3-BF4B-00C04F79EFBC}") = "Unity.VisualScripting.Flow.Editor", "Unity.VisualScripting.Flow.Editor.csproj", "{8e6fc3d0-3a9b-ffc9-1f9f-5a58ba728b41}"
EndProject
Project("{FAE04EC0-301F-11D3-BF4B-00C04F79EFBC}") = "Unity.VisualStudio.Editor", "Unity.VisualStudio.Editor.csproj", "{c1314873-f4ab-ca26-741e-58fc43587784}"
EndProject
Project("{FAE04EC0-301F-11D3-BF4B-00C04F79EFBC}") = "Unity.Timeline.Editor", "Unity.Timeline.Editor.csproj", "{b0e961a4-6f82-3e76-18d4-23093ba3d252}"
EndProject
Project("{FAE04EC0-301F-11D3-BF4B-00C04F79EFBC}") = "Unity.VisualScripting.State.Editor", "Unity.VisualScripting.State.Editor.csproj", "{7d558270-33e1-3ffe-cd28-a9852b5b2637}"
EndProject
Project("{FAE04EC0-301F-11D3-BF4B-00C04F79EFBC}") = "Unity.TextMeshPro.Editor", "Unity.TextMeshPro.Editor.csproj", "{27fccb76-33e6-9112-0e4e-29369fda9221}"
EndProject
Project("{FAE04EC0-301F-11D3-BF4B-00C04F79EFBC}") = "Unity.VisualScripting.SettingsProvider.Editor", "Unity.VisualScripting.SettingsProvider.Editor.csproj", "{88b0b343-cd52-2e36-0cec-5a5924805353}"
EndProject
Project("{FAE04EC0-301F-11D3-BF4B-00C04F79EFBC}") = "Unity.CollabProxy.Editor", "Unity.CollabProxy.Editor.csproj", "{23c066ba-01c7-7da1-d249-c159312aae2d}"
EndProject
Project("{FAE04EC0-301F-11D3-BF4B-00C04F79EFBC}") = "UnityEditor.TestRunner", "UnityEditor.TestRunner.csproj", "{f3983946-92ad-716d-d2f8-4c33c317340c}"
EndProject
Project("{FAE04EC0-301F-11D3-BF4B-00C04F79EFBC}") = "Unity.Services.Core.Editor", "Unity.Services.Core.Editor.csproj", "{5b495f2f-e4b9-58c8-7f0c-b0b859564926}"
EndProject
Project("{FAE04EC0-301F-11D3-BF4B-00C04F79EFBC}") = "Unity.TestTools.CodeCoverage.Editor", "Unity.TestTools.CodeCoverage.Editor.csproj", "{c8c0e896-a018-a3d4-36dd-6a03c33b3a68}"
EndProject
Project("{FAE04EC0-301F-11D3-BF4B-00C04F79EFBC}") = "Unity.Rider.Editor", "Unity.Rider.Editor.csproj", "{42928a6c-b69b-863c-462e-d24a7c54ddde}"
EndProject
Project("{FAE04EC0-301F-11D3-BF4B-00C04F79EFBC}") = "Unity.Performance.Profile-Analyzer.Editor", "Unity.Performance.Profile-Analyzer.Editor.csproj", "{cbd9706f-7773-46b0-ab0d-866d93cb8670}"
EndProject
Project("{FAE04EC0-301F-11D3-BF4B-00C04F79EFBC}") = "Unity.VSCode.Editor", "Unity.VSCode.Editor.csproj", "{57264e86-6de7-bd3d-3c0c-464f959c00d6}"
EndProject
Project("{FAE04EC0-301F-11D3-BF4B-00C04F79EFBC}") = "UnityEditor.UI", "UnityEditor.UI.csproj", "{1b3bd852-2992-a6ab-ff14-ff29a9e7b7ea}"
EndProject
Project("{FAE04EC0-301F-11D3-BF4B-00C04F79EFBC}") = "Unity.TestTools.CodeCoverage.Editor.OpenCover.Model", "Unity.TestTools.CodeCoverage.Editor.OpenCover.Model.csproj", "{5cb04a48-277e-2bae-b43b-01c13d9060f3}"
EndProject
Project("{FAE04EC0-301F-11D3-BF4B-00C04F79EFBC}") = "Unity.EditorCoroutines.Editor", "Unity.EditorCoroutines.Editor.csproj", "{48df4a6f-75c4-1099-d122-c3ea44cc4db5}"
EndProject
Project("{FAE04EC0-301F-11D3-BF4B-00C04F79EFBC}") = "Unity.Settings.Editor", "Unity.Settings.Editor.csproj", "{cec94112-f089-56ef-ee1d-33b19940323f}"
EndProject
Project("{FAE04EC0-301F-11D3-BF4B-00C04F79EFBC}") = "Unity.Services.Core.Configuration.Editor", "Unity.Services.Core.Configuration.Editor.csproj", "{d9a0e395-63a7-90f3-b3c1-119425972e43}"
EndProject
Project("{FAE04EC0-301F-11D3-BF4B-00C04F79EFBC}") = "Unity.TestTools.CodeCoverage.Editor.OpenCover.Mono.Reflection", "Unity.TestTools.CodeCoverage.Editor.OpenCover.Mono.Reflection.csproj", "{0446eba9-38b9-fb26-0ebe-2e694cd092ca}"
EndProject
Project("{FAE04EC0-301F-11D3-BF4B-00C04F79EFBC}") = "Unity.VisualScripting.Shared.Editor", "Unity.VisualScripting.Shared.Editor.csproj", "{bec3bc43-d31e-6cfb-4563-6c8deb6ae09f}"
EndProject
Global
	GlobalSection(SolutionConfigurationPlatforms) = preSolution
		Debug|Any CPU = Debug|Any CPU
	EndGlobalSection
	GlobalSection(ProjectConfigurationPlatforms) = postSolution
		{6dbd33a4-5587-92a2-68ee-147d367e9c50}.Debug|Any CPU.ActiveCfg = Debug|Any CPU
		{6dbd33a4-5587-92a2-68ee-147d367e9c50}.Debug|Any CPU.Build.0 = Debug|Any CPU
		{35369643-727e-ba8b-f0d4-206833be0b86}.Debug|Any CPU.ActiveCfg = Debug|Any CPU
		{35369643-727e-ba8b-f0d4-206833be0b86}.Debug|Any CPU.Build.0 = Debug|Any CPU
		{12abb1ec-18c9-8e7d-233c-ff32f744e5c6}.Debug|Any CPU.ActiveCfg = Debug|Any CPU
		{12abb1ec-18c9-8e7d-233c-ff32f744e5c6}.Debug|Any CPU.Build.0 = Debug|Any CPU
		{10d8a520-c992-3449-03bd-ec57872e4ba4}.Debug|Any CPU.ActiveCfg = Debug|Any CPU
		{10d8a520-c992-3449-03bd-ec57872e4ba4}.Debug|Any CPU.Build.0 = Debug|Any CPU
		{a8f11eae-f68b-9476-606a-214a1503d10d}.Debug|Any CPU.ActiveCfg = Debug|Any CPU
		{a8f11eae-f68b-9476-606a-214a1503d10d}.Debug|Any CPU.Build.0 = Debug|Any CPU
		{748abba9-c0d0-bb3d-4f12-761f06488cf8}.Debug|Any CPU.ActiveCfg = Debug|Any CPU
		{748abba9-c0d0-bb3d-4f12-761f06488cf8}.Debug|Any CPU.Build.0 = Debug|Any CPU
		{23361f23-0876-1d3c-410e-587bc1a2a4e0}.Debug|Any CPU.ActiveCfg = Debug|Any CPU
		{23361f23-0876-1d3c-410e-587bc1a2a4e0}.Debug|Any CPU.Build.0 = Debug|Any CPU
		{dcbfb98d-301c-476a-b064-637796b049de}.Debug|Any CPU.ActiveCfg = Debug|Any CPU
		{dcbfb98d-301c-476a-b064-637796b049de}.Debug|Any CPU.Build.0 = Debug|Any CPU
		{5098630b-34c8-16d4-b0fa-831dda4739dc}.Debug|Any CPU.ActiveCfg = Debug|Any CPU
		{5098630b-34c8-16d4-b0fa-831dda4739dc}.Debug|Any CPU.Build.0 = Debug|Any CPU
		{a4917505-fa8b-76a7-ab6d-2eee16eb93e4}.Debug|Any CPU.ActiveCfg = Debug|Any CPU
		{a4917505-fa8b-76a7-ab6d-2eee16eb93e4}.Debug|Any CPU.Build.0 = Debug|Any CPU
		{1ff49712-1457-5a79-1534-e281828c238b}.Debug|Any CPU.ActiveCfg = Debug|Any CPU
		{1ff49712-1457-5a79-1534-e281828c238b}.Debug|Any CPU.Build.0 = Debug|Any CPU
		{8377fbf8-b47a-454b-e03e-29f1f030839c}.Debug|Any CPU.ActiveCfg = Debug|Any CPU
		{8377fbf8-b47a-454b-e03e-29f1f030839c}.Debug|Any CPU.Build.0 = Debug|Any CPU
		{77e6597e-a47b-6d4e-87a9-5a0e56ab7af7}.Debug|Any CPU.ActiveCfg = Debug|Any CPU
		{77e6597e-a47b-6d4e-87a9-5a0e56ab7af7}.Debug|Any CPU.Build.0 = Debug|Any CPU
		{7d6b01c1-01ae-0cbb-2b04-7965c3c9d6c4}.Debug|Any CPU.ActiveCfg = Debug|Any CPU
		{7d6b01c1-01ae-0cbb-2b04-7965c3c9d6c4}.Debug|Any CPU.Build.0 = Debug|Any CPU
		{0ec851bc-e315-7578-2066-0e8240291ff5}.Debug|Any CPU.ActiveCfg = Debug|Any CPU
		{0ec851bc-e315-7578-2066-0e8240291ff5}.Debug|Any CPU.Build.0 = Debug|Any CPU
		{0d6a1f49-09a0-496a-1586-bfef69e5d352}.Debug|Any CPU.ActiveCfg = Debug|Any CPU
		{0d6a1f49-09a0-496a-1586-bfef69e5d352}.Debug|Any CPU.Build.0 = Debug|Any CPU
		{5ce50efc-0f3b-6330-6507-6e2844507e6d}.Debug|Any CPU.ActiveCfg = Debug|Any CPU
		{5ce50efc-0f3b-6330-6507-6e2844507e6d}.Debug|Any CPU.Build.0 = Debug|Any CPU
		{ab98ae5d-d4a6-63ba-028f-adc3a8985b4e}.Debug|Any CPU.ActiveCfg = Debug|Any CPU
		{ab98ae5d-d4a6-63ba-028f-adc3a8985b4e}.Debug|Any CPU.Build.0 = Debug|Any CPU
		{e3658d19-c807-c074-608e-f00ce683474b}.Debug|Any CPU.ActiveCfg = Debug|Any CPU
		{e3658d19-c807-c074-608e-f00ce683474b}.Debug|Any CPU.Build.0 = Debug|Any CPU
		{56b33651-31b7-04d7-177f-3feac73336e0}.Debug|Any CPU.ActiveCfg = Debug|Any CPU
		{56b33651-31b7-04d7-177f-3feac73336e0}.Debug|Any CPU.Build.0 = Debug|Any CPU
		{4733da3d-1627-aba6-b613-3fbd41f55ff0}.Debug|Any CPU.ActiveCfg = Debug|Any CPU
		{4733da3d-1627-aba6-b613-3fbd41f55ff0}.Debug|Any CPU.Build.0 = Debug|Any CPU
		{8e6fc3d0-3a9b-ffc9-1f9f-5a58ba728b41}.Debug|Any CPU.ActiveCfg = Debug|Any CPU
		{8e6fc3d0-3a9b-ffc9-1f9f-5a58ba728b41}.Debug|Any CPU.Build.0 = Debug|Any CPU
		{c1314873-f4ab-ca26-741e-58fc43587784}.Debug|Any CPU.ActiveCfg = Debug|Any CPU
		{c1314873-f4ab-ca26-741e-58fc43587784}.Debug|Any CPU.Build.0 = Debug|Any CPU
		{b0e961a4-6f82-3e76-18d4-23093ba3d252}.Debug|Any CPU.ActiveCfg = Debug|Any CPU
		{b0e961a4-6f82-3e76-18d4-23093ba3d252}.Debug|Any CPU.Build.0 = Debug|Any CPU
		{7d558270-33e1-3ffe-cd28-a9852b5b2637}.Debug|Any CPU.ActiveCfg = Debug|Any CPU
		{7d558270-33e1-3ffe-cd28-a9852b5b2637}.Debug|Any CPU.Build.0 = Debug|Any CPU
		{27fccb76-33e6-9112-0e4e-29369fda9221}.Debug|Any CPU.ActiveCfg = Debug|Any CPU
		{27fccb76-33e6-9112-0e4e-29369fda9221}.Debug|Any CPU.Build.0 = Debug|Any CPU
		{88b0b343-cd52-2e36-0cec-5a5924805353}.Debug|Any CPU.ActiveCfg = Debug|Any CPU
		{88b0b343-cd52-2e36-0cec-5a5924805353}.Debug|Any CPU.Build.0 = Debug|Any CPU
		{23c066ba-01c7-7da1-d249-c159312aae2d}.Debug|Any CPU.ActiveCfg = Debug|Any CPU
		{23c066ba-01c7-7da1-d249-c159312aae2d}.Debug|Any CPU.Build.0 = Debug|Any CPU
		{f3983946-92ad-716d-d2f8-4c33c317340c}.Debug|Any CPU.ActiveCfg = Debug|Any CPU
		{f3983946-92ad-716d-d2f8-4c33c317340c}.Debug|Any CPU.Build.0 = Debug|Any CPU
		{5b495f2f-e4b9-58c8-7f0c-b0b859564926}.Debug|Any CPU.ActiveCfg = Debug|Any CPU
		{5b495f2f-e4b9-58c8-7f0c-b0b859564926}.Debug|Any CPU.Build.0 = Debug|Any CPU
		{c8c0e896-a018-a3d4-36dd-6a03c33b3a68}.Debug|Any CPU.ActiveCfg = Debug|Any CPU
		{c8c0e896-a018-a3d4-36dd-6a03c33b3a68}.Debug|Any CPU.Build.0 = Debug|Any CPU
		{42928a6c-b69b-863c-462e-d24a7c54ddde}.Debug|Any CPU.ActiveCfg = Debug|Any CPU
		{42928a6c-b69b-863c-462e-d24a7c54ddde}.Debug|Any CPU.Build.0 = Debug|Any CPU
		{cbd9706f-7773-46b0-ab0d-866d93cb8670}.Debug|Any CPU.ActiveCfg = Debug|Any CPU
		{cbd9706f-7773-46b0-ab0d-866d93cb8670}.Debug|Any CPU.Build.0 = Debug|Any CPU
		{57264e86-6de7-bd3d-3c0c-464f959c00d6}.Debug|Any CPU.ActiveCfg = Debug|Any CPU
		{57264e86-6de7-bd3d-3c0c-464f959c00d6}.Debug|Any CPU.Build.0 = Debug|Any CPU
		{1b3bd852-2992-a6ab-ff14-ff29a9e7b7ea}.Debug|Any CPU.ActiveCfg = Debug|Any CPU
		{1b3bd852-2992-a6ab-ff14-ff29a9e7b7ea}.Debug|Any CPU.Build.0 = Debug|Any CPU
		{5cb04a48-277e-2bae-b43b-01c13d9060f3}.Debug|Any CPU.ActiveCfg = Debug|Any CPU
		{5cb04a48-277e-2bae-b43b-01c13d9060f3}.Debug|Any CPU.Build.0 = Debug|Any CPU
		{48df4a6f-75c4-1099-d122-c3ea44cc4db5}.Debug|Any CPU.ActiveCfg = Debug|Any CPU
		{48df4a6f-75c4-1099-d122-c3ea44cc4db5}.Debug|Any CPU.Build.0 = Debug|Any CPU
		{cec94112-f089-56ef-ee1d-33b19940323f}.Debug|Any CPU.ActiveCfg = Debug|Any CPU
		{cec94112-f089-56ef-ee1d-33b19940323f}.Debug|Any CPU.Build.0 = Debug|Any CPU
		{d9a0e395-63a7-90f3-b3c1-119425972e43}.Debug|Any CPU.ActiveCfg = Debug|Any CPU
		{d9a0e395-63a7-90f3-b3c1-119425972e43}.Debug|Any CPU.Build.0 = Debug|Any CPU
		{0446eba9-38b9-fb26-0ebe-2e694cd092ca}.Debug|Any CPU.ActiveCfg = Debug|Any CPU
		{0446eba9-38b9-fb26-0ebe-2e694cd092ca}.Debug|Any CPU.Build.0 = Debug|Any CPU
		{bec3bc43-d31e-6cfb-4563-6c8deb6ae09f}.Debug|Any CPU.ActiveCfg = Debug|Any CPU
		{bec3bc43-d31e-6cfb-4563-6c8deb6ae09f}.Debug|Any CPU.Build.0 = Debug|Any CPU
	EndGlobalSection
	GlobalSection(SolutionProperties) = preSolution
		HideSolutionNode = FALSE
	EndGlobalSection
EndGlobal
